
Microsoft Visual Studio Solution File, Format Version 12.00
Project("{FAE04EC0-301F-11D3-BF4B-00C04F79EFBC}") = "SaveStuff", "SaveStuff\SaveStuff.csproj", "{A2126941-0FA0-4DAA-A232-86A45E53C026}"
EndProject
Global
	GlobalSection(SolutionConfigurationPlatforms) = preSolution
		Debug|Any CPU = Debug|Any CPU
		Release|Any CPU = Release|Any CPU
	EndGlobalSection
	GlobalSection(ProjectConfigurationPlatforms) = postSolution
		{A2126941-0FA0-4DAA-A232-86A45E53C026}.Debug|Any CPU.ActiveCfg = Debug|Any CPU
		{A2126941-0FA0-4DAA-A232-86A45E53C026}.Debug|Any CPU.Build.0 = Debug|Any CPU
		{A2126941-0FA0-4DAA-A232-86A45E53C026}.Release|Any CPU.ActiveCfg = Release|Any CPU
		{A2126941-0FA0-4DAA-A232-86A45E53C026}.Release|Any CPU.Build.0 = Release|Any CPU
	EndGlobalSection
EndGlobal
